Microsoft Visual Studio Solution File, Format Version 11.00
# Visual Studio 2008

Project("{D1D99187-1D1C-D803-EC60-EF136E9175BE}") = "Honey_Mustardv1.0", "Assembly-CSharp.csproj", "{6FD55EDC-B4AC-2580-A9F8-2C570A429898}"
EndProject
Global
	GlobalSection(SolutionConfigurationPlatforms) = preSolution
		Debug|Any CPU = Debug|Any CPU
		Release|Any CPU = Release|Any CPU
	EndGlobalSection
	GlobalSection(ProjectConfigurationPlatforms) = postSolution
		{6FD55EDC-B4AC-2580-A9F8-2C570A429898}.Debug|Any CPU.ActiveCfg = Debug|Any CPU
		{6FD55EDC-B4AC-2580-A9F8-2C570A429898}.Debug|Any CPU.Build.0 = Debug|Any CPU
		{6FD55EDC-B4AC-2580-A9F8-2C570A429898}.Release|Any CPU.ActiveCfg = Release|Any CPU
		{6FD55EDC-B4AC-2580-A9F8-2C570A429898}.Release|Any CPU.Build.0 = Release|Any CPU
	EndGlobalSection
	GlobalSection(SolutionProperties) = preSolution
		HideSolutionNode = FALSE
	EndGlobalSection
	GlobalSection(MonoDevelopProperties) = preSolution
		StartupItem = Assembly-CSharp.csproj
	EndGlobalSection
EndGlobal
