Microsoft Visual Studio Solution File, Format Version 11.00
# Visual Studio 2008

Project("{652A28B1-8F6C-4E0B-C49C-8403190F9C8E}") = "Honey_Mustard", "Assembly-CSharp.csproj", "{C150F56C-E83A-CAB7-6D61-D9F1F986F04E}"
EndProject
Global
	GlobalSection(SolutionConfigurationPlatforms) = preSolution
		Debug|Any CPU = Debug|Any CPU
		Release|Any CPU = Release|Any CPU
	EndGlobalSection
	GlobalSection(ProjectConfigurationPlatforms) = postSolution
		{C150F56C-E83A-CAB7-6D61-D9F1F986F04E}.Debug|Any CPU.ActiveCfg = Debug|Any CPU
		{C150F56C-E83A-CAB7-6D61-D9F1F986F04E}.Debug|Any CPU.Build.0 = Debug|Any CPU
		{C150F56C-E83A-CAB7-6D61-D9F1F986F04E}.Release|Any CPU.ActiveCfg = Release|Any CPU
		{C150F56C-E83A-CAB7-6D61-D9F1F986F04E}.Release|Any CPU.Build.0 = Release|Any CPU
	EndGlobalSection
	GlobalSection(SolutionProperties) = preSolution
		HideSolutionNode = FALSE
	EndGlobalSection
	GlobalSection(MonoDevelopProperties) = preSolution
		StartupItem = Assembly-CSharp.csproj
	EndGlobalSection
EndGlobal
